
Microsoft Visual Studio Solution File, Format Version 12.00
# Visual Studio Version 17
VisualStudioVersion = 17.7.34009.444
MinimumVisualStudioVersion = 10.0.40219.1
Project("{9A19103F-16F7-4668-BE54-9A1E7A4F7556}") = "Modules", "Modules\Modules.csproj", "{39A06A63-2CDC-4F15-9AC0-461D5E7195A1}"
EndProject
Project("{9A19103F-16F7-4668-BE54-9A1E7A4F7556}") = "AndroidTest", "AndroidTest\AndroidTest.csproj", "{C7FA2595-8BCE-44A8-9F19-4023508589BB}"
EndProject
Project("{FAE04EC0-301F-11D3-BF4B-00C04F79EFBC}") = "TruMES_Test", "TruMES_Test\TruMES_Test.csproj", "{A7092555-7F7B-4671-B0F8-31F12E7D0314}"
EndProject
Global
	GlobalSection(SolutionConfigurationPlatforms) = preSolution
		Debug|Any CPU = Debug|Any CPU
		Release|Any CPU = Release|Any CPU
	EndGlobalSection
	GlobalSection(ProjectConfigurationPlatforms) = postSolution
		{39A06A63-2CDC-4F15-9AC0-461D5E7195A1}.Debug|Any CPU.ActiveCfg = Debug|Any CPU
		{39A06A63-2CDC-4F15-9AC0-461D5E7195A1}.Debug|Any CPU.Build.0 = Debug|Any CPU
		{39A06A63-2CDC-4F15-9AC0-461D5E7195A1}.Release|Any CPU.ActiveCfg = Release|Any CPU
		{39A06A63-2CDC-4F15-9AC0-461D5E7195A1}.Release|Any CPU.Build.0 = Release|Any CPU
		{C7FA2595-8BCE-44A8-9F19-4023508589BB}.Debug|Any CPU.ActiveCfg = Debug|Any CPU
		{C7FA2595-8BCE-44A8-9F19-4023508589BB}.Debug|Any CPU.Build.0 = Debug|Any CPU
		{C7FA2595-8BCE-44A8-9F19-4023508589BB}.Release|Any CPU.ActiveCfg = Release|Any CPU
		{C7FA2595-8BCE-44A8-9F19-4023508589BB}.Release|Any CPU.Build.0 = Release|Any CPU
		{A7092555-7F7B-4671-B0F8-31F12E7D0314}.Debug|Any CPU.ActiveCfg = Debug|Any CPU
		{A7092555-7F7B-4671-B0F8-31F12E7D0314}.Debug|Any CPU.Build.0 = Debug|Any CPU
		{A7092555-7F7B-4671-B0F8-31F12E7D0314}.Release|Any CPU.ActiveCfg = Release|Any CPU
		{A7092555-7F7B-4671-B0F8-31F12E7D0314}.Release|Any CPU.Build.0 = Release|Any CPU
	EndGlobalSection
	GlobalSection(SolutionProperties) = preSolution
		HideSolutionNode = FALSE
	EndGlobalSection
	GlobalSection(ExtensibilityGlobals) = postSolution
		SolutionGuid = {4190CE60-8506-4C73-9379-7CD0C0738BA7}
	EndGlobalSection
EndGlobal
